// !$*UTF8*$!
{
	archiveVersion = 1;
	classes = {
	};
	objectVersion = 56;
	objects = {

/* Begin PBXBuildFile section */
		55D719B03C717696D9DBF96A /* Pods_RxSwiftDemoTests.framework in Frameworks */ = {isa = PBXBuildFile; fileRef = A7D30505FBD134F5C9D8183A /* Pods_RxSwiftDemoTests.framework */; };
		84C2412294B85BF2906EB328 /* Pods_RxSwiftDemo_RxSwiftDemoUITests.framework in Frameworks */ = {isa = PBXBuildFile; fileRef = 830F40434F994BB7FF022ABF /* Pods_RxSwiftDemo_RxSwiftDemoUITests.framework */; };
		F4659CD52B65170300141B09 /* AppDelegate.swift in Sources */ = {isa = PBXBuildFile; fileRef = F4659CD42B65170300141B09 /* AppDelegate.swift */; };
		F4659CD92B65170300141B09 /* ViewController.swift in Sources */ = {isa = PBXBuildFile; fileRef = F4659CD82B65170300141B09 /* ViewController.swift */; };
		F4659CDC2B65170300141B09 /* Main.storyboard in Resources */ = {isa = PBXBuildFile; fileRef = F4659CDA2B65170300141B09 /* Main.storyboard */; };
		F4659CDE2B65170400141B09 /* Assets.xcassets in Resources */ = {isa = PBXBuildFile; fileRef = F4659CDD2B65170400141B09 /* Assets.xcassets */; };
		F4659CE12B65170400141B09 /* LaunchScreen.storyboard in Resources */ = {isa = PBXBuildFile; fileRef = F4659CDF2B65170400141B09 /* LaunchScreen.storyboard */; };
		F4659CEC2B65170400141B09 /* RxSwiftDemoTests.swift in Sources */ = {isa = PBXBuildFile; fileRef = F4659CEB2B65170400141B09 /* RxSwiftDemoTests.swift */; };
		F4659CF62B65170400141B09 /* RxSwiftDemoUITests.swift in Sources */ = {isa = PBXBuildFile; fileRef = F4659CF52B65170400141B09 /* RxSwiftDemoUITests.swift */; };
		F4659CF82B65170400141B09 /* RxSwiftDemoUITestsLaunchTests.swift in Sources */ = {isa = PBXBuildFile; fileRef = F4659CF72B65170400141B09 /* RxSwiftDemoUITestsLaunchTests.swift */; };
		F4659D082B65179700141B09 /* UIView+Frame.swift in Sources */ = {isa = PBXBuildFile; fileRef = F4659D052B65179700141B09 /* UIView+Frame.swift */; };
		F4659D092B65179700141B09 /* CALength.swift in Sources */ = {isa = PBXBuildFile; fileRef = F4659D072B65179700141B09 /* CALength.swift */; };
		F4659D0B2B65190300141B09 /* HomePageViewModel.swift in Sources */ = {isa = PBXBuildFile; fileRef = F4659D0A2B65190200141B09 /* HomePageViewModel.swift */; };
		F4659D0D2B65330800141B09 /* AViewController.swift in Sources */ = {isa = PBXBuildFile; fileRef = F4659D0C2B65330800141B09 /* AViewController.swift */; };
		F4659D112B6621E200141B09 /* SubjectVC.swift in Sources */ = {isa = PBXBuildFile; fileRef = F4659D102B6621E200141B09 /* SubjectVC.swift */; };
		F4659D132B66906100141B09 /* BTableViewController.swift in Sources */ = {isa = PBXBuildFile; fileRef = F4659D122B66906100141B09 /* BTableViewController.swift */; };
		F4659D152B6695ED00141B09 /* ProductDetailVC.swift in Sources */ = {isa = PBXBuildFile; fileRef = F4659D142B6695ED00141B09 /* ProductDetailVC.swift */; };
		F4659D172B66A91400141B09 /* EnglishWord.swift in Sources */ = {isa = PBXBuildFile; fileRef = F4659D162B66A91400141B09 /* EnglishWord.swift */; };
		F4659D1A2B66AAB700141B09 /* Food.swift in Sources */ = {isa = PBXBuildFile; fileRef = F4659D192B66AAB700141B09 /* Food.swift */; };
		F4659D1C2B66AAC800141B09 /* FoodListVC.swift in Sources */ = {isa = PBXBuildFile; fileRef = F4659D1B2B66AAC800141B09 /* FoodListVC.swift */; };
		F4659D1E2B66AADC00141B09 /* FoodDetailVC.swift in Sources */ = {isa = PBXBuildFile; fileRef = F4659D1D2B66AADC00141B09 /* FoodDetailVC.swift */; };
		F4659D202B66B44200141B09 /* SectionModel.swift in Sources */ = {isa = PBXBuildFile; fileRef = F4659D1F2B66B44200141B09 /* SectionModel.swift */; };
		F6FAC718D8F5AAC2E56821FA /* Pods_RxSwiftDemo.framework in Frameworks */ = {isa = PBXBuildFile; fileRef = E63689E57CC7E3DDF207AC1F /* Pods_RxSwiftDemo.framework */; };
/* End PBXBuildFile section */

/* Begin PBXContainerItemProxy section */
		F4659CE82B65170400141B09 /* PBXContainerItemProxy */ = {
			isa = PBXContainerItemProxy;
			containerPortal = F4659CC92B65170300141B09 /* Project object */;
			proxyType = 1;
			remoteGlobalIDString = F4659CD02B65170300141B09;
			remoteInfo = RxSwiftDemo;
		};
		F4659CF22B65170400141B09 /* PBXContainerItemProxy */ = {
			isa = PBXContainerItemProxy;
			containerPortal = F4659CC92B65170300141B09 /* Project object */;
			proxyType = 1;
			remoteGlobalIDString = F4659CD02B65170300141B09;
			remoteInfo = RxSwiftDemo;
		};
/* End PBXContainerItemProxy section */

/* Begin PBXFileReference section */
		129EFC4DB517C552CE8B12D3 /* Pods-RxSwiftDemoTests.debug.xcconfig */ = {isa = PBXFileReference; includeInIndex = 1; lastKnownFileType = text.xcconfig; name = "Pods-RxSwiftDemoTests.debug.xcconfig"; path = "Target Support Files/Pods-RxSwiftDemoTests/Pods-RxSwiftDemoTests.debug.xcconfig"; sourceTree = "<group>"; };
		1914832582D90970FB7E567E /* Pods-RxSwiftDemo-RxSwiftDemoUITests.release.xcconfig */ = {isa = PBXFileReference; includeInIndex = 1; lastKnownFileType = text.xcconfig; name = "Pods-RxSwiftDemo-RxSwiftDemoUITests.release.xcconfig"; path = "Target Support Files/Pods-RxSwiftDemo-RxSwiftDemoUITests/Pods-RxSwiftDemo-RxSwiftDemoUITests.release.xcconfig"; sourceTree = "<group>"; };
		36D04ED59B424B1D21C6355F /* Pods-RxSwiftDemo.debug.xcconfig */ = {isa = PBXFileReference; includeInIndex = 1; lastKnownFileType = text.xcconfig; name = "Pods-RxSwiftDemo.debug.xcconfig"; path = "Target Support Files/Pods-RxSwiftDemo/Pods-RxSwiftDemo.debug.xcconfig"; sourceTree = "<group>"; };
		824432B17EAF28096621E676 /* Pods-RxSwiftDemoTests.release.xcconfig */ = {isa = PBXFileReference; includeInIndex = 1; lastKnownFileType = text.xcconfig; name = "Pods-RxSwiftDemoTests.release.xcconfig"; path = "Target Support Files/Pods-RxSwiftDemoTests/Pods-RxSwiftDemoTests.release.xcconfig"; sourceTree = "<group>"; };
		830F40434F994BB7FF022ABF /* Pods_RxSwiftDemo_RxSwiftDemoUITests.framework */ = {isa = PBXFileReference; explicitFileType = wrapper.framework; includeInIndex = 0; path = Pods_RxSwiftDemo_RxSwiftDemoUITests.framework; sourceTree = BUILT_PRODUCTS_DIR; };
		A7D30505FBD134F5C9D8183A /* Pods_RxSwiftDemoTests.framework */ = {isa = PBXFileReference; explicitFileType = wrapper.framework; includeInIndex = 0; path = Pods_RxSwiftDemoTests.framework; sourceTree = BUILT_PRODUCTS_DIR; };
		D53F7A73125A21412EB9FAFE /* Pods-RxSwiftDemo-RxSwiftDemoUITests.debug.xcconfig */ = {isa = PBXFileReference; includeInIndex = 1; lastKnownFileType = text.xcconfig; name = "Pods-RxSwiftDemo-RxSwiftDemoUITests.debug.xcconfig"; path = "Target Support Files/Pods-RxSwiftDemo-RxSwiftDemoUITests/Pods-RxSwiftDemo-RxSwiftDemoUITests.debug.xcconfig"; sourceTree = "<group>"; };
		E63689E57CC7E3DDF207AC1F /* Pods_RxSwiftDemo.framework */ = {isa = PBXFileReference; explicitFileType = wrapper.framework; includeInIndex = 0; path = Pods_RxSwiftDemo.framework; sourceTree = BUILT_PRODUCTS_DIR; };
		EE287ABB91BA2DF44B13A5BA /* Pods-RxSwiftDemo.release.xcconfig */ = {isa = PBXFileReference; includeInIndex = 1; lastKnownFileType = text.xcconfig; name = "Pods-RxSwiftDemo.release.xcconfig"; path = "Target Support Files/Pods-RxSwiftDemo/Pods-RxSwiftDemo.release.xcconfig"; sourceTree = "<group>"; };
		F4659CD12B65170300141B09 /* RxSwiftDemo.app */ = {isa = PBXFileReference; explicitFileType = wrapper.application; includeInIndex = 0; path = RxSwiftDemo.app; sourceTree = BUILT_PRODUCTS_DIR; };
		F4659CD42B65170300141B09 /* AppDelegate.swift */ = {isa = PBXFileReference; lastKnownFileType = sourcecode.swift; path = AppDelegate.swift; sourceTree = "<group>"; };
		F4659CD82B65170300141B09 /* ViewController.swift */ = {isa = PBXFileReference; lastKnownFileType = sourcecode.swift; path = ViewController.swift; sourceTree = "<group>"; };
		F4659CDB2B65170300141B09 /* Base */ = {isa = PBXFileReference; lastKnownFileType = file.storyboard; name = Base; path = Base.lproj/Main.storyboard; sourceTree = "<group>"; };
		F4659CDD2B65170400141B09 /* Assets.xcassets */ = {isa = PBXFileReference; lastKnownFileType = folder.assetcatalog; path = Assets.xcassets; sourceTree = "<group>"; };
		F4659CE02B65170400141B09 /* Base */ = {isa = PBXFileReference; lastKnownFileType = file.storyboard; name = Base; path = Base.lproj/LaunchScreen.storyboard; sourceTree = "<group>"; };
		F4659CE22B65170400141B09 /* Info.plist */ = {isa = PBXFileReference; lastKnownFileType = text.plist.xml; path = Info.plist; sourceTree = "<group>"; };
		F4659CE72B65170400141B09 /* RxSwiftDemoTests.xctest */ = {isa = PBXFileReference; explicitFileType = wrapper.cfbundle; includeInIndex = 0; path = RxSwiftDemoTests.xctest; sourceTree = BUILT_PRODUCTS_DIR; };
		F4659CEB2B65170400141B09 /* RxSwiftDemoTests.swift */ = {isa = PBXFileReference; lastKnownFileType = sourcecode.swift; path = RxSwiftDemoTests.swift; sourceTree = "<group>"; };
		F4659CF12B65170400141B09 /* RxSwiftDemoUITests.xctest */ = {isa = PBXFileReference; explicitFileType = wrapper.cfbundle; includeInIndex = 0; path = RxSwiftDemoUITests.xctest; sourceTree = BUILT_PRODUCTS_DIR; };
		F4659CF52B65170400141B09 /* RxSwiftDemoUITests.swift */ = {isa = PBXFileReference; lastKnownFileType = sourcecode.swift; path = RxSwiftDemoUITests.swift; sourceTree = "<group>"; };
		F4659CF72B65170400141B09 /* RxSwiftDemoUITestsLaunchTests.swift */ = {isa = PBXFileReference; lastKnownFileType = sourcecode.swift; path = RxSwiftDemoUITestsLaunchTests.swift; sourceTree = "<group>"; };
		F4659D052B65179700141B09 /* UIView+Frame.swift */ = {isa = PBXFileReference; fileEncoding = 4; lastKnownFileType = sourcecode.swift; path = "UIView+Frame.swift"; sourceTree = "<group>"; };
		F4659D072B65179700141B09 /* CALength.swift */ = {isa = PBXFileReference; fileEncoding = 4; lastKnownFileType = sourcecode.swift; path = CALength.swift; sourceTree = "<group>"; };
		F4659D0A2B65190200141B09 /* HomePageViewModel.swift */ = {isa = PBXFileReference; lastKnownFileType = sourcecode.swift; path = HomePageViewModel.swift; sourceTree = "<group>"; };
		F4659D0C2B65330800141B09 /* AViewController.swift */ = {isa = PBXFileReference; lastKnownFileType = sourcecode.swift; path = AViewController.swift; sourceTree = "<group>"; };
		F4659D102B6621E200141B09 /* SubjectVC.swift */ = {isa = PBXFileReference; lastKnownFileType = sourcecode.swift; path = SubjectVC.swift; sourceTree = "<group>"; };
		F4659D122B66906100141B09 /* BTableViewController.swift */ = {isa = PBXFileReference; lastKnownFileType = sourcecode.swift; path = BTableViewController.swift; sourceTree = "<group>"; };
		F4659D142B6695ED00141B09 /* ProductDetailVC.swift */ = {isa = PBXFileReference; lastKnownFileType = sourcecode.swift; path = ProductDetailVC.swift; sourceTree = "<group>"; };
		F4659D162B66A91400141B09 /* EnglishWord.swift */ = {isa = PBXFileReference; lastKnownFileType = sourcecode.swift; path = EnglishWord.swift; sourceTree = "<group>"; };
		F4659D192B66AAB700141B09 /* Food.swift */ = {isa = PBXFileReference; lastKnownFileType = sourcecode.swift; path = Food.swift; sourceTree = "<group>"; };
		F4659D1B2B66AAC800141B09 /* FoodListVC.swift */ = {isa = PBXFileReference; lastKnownFileType = sourcecode.swift; path = FoodListVC.swift; sourceTree = "<group>"; };
		F4659D1D2B66AADC00141B09 /* FoodDetailVC.swift */ = {isa = PBXFileReference; lastKnownFileType = sourcecode.swift; path = FoodDetailVC.swift; sourceTree = "<group>"; };
		F4659D1F2B66B44200141B09 /* SectionModel.swift */ = {isa = PBXFileReference; lastKnownFileType = sourcecode.swift; path = SectionModel.swift; sourceTree = "<group>"; };
/* End PBXFileReference section */

/* Begin PBXFrameworksBuildPhase section */
		F4659CCE2B65170300141B09 /* Frameworks */ = {
			isa = PBXFrameworksBuildPhase;
			buildActionMask = 2147483647;
			files = (
				F6FAC718D8F5AAC2E56821FA /* Pods_RxSwiftDemo.framework in Frameworks */,
			);
			runOnlyForDeploymentPostprocessing = 0;
		};
		F4659CE42B65170400141B09 /* Frameworks */ = {
			isa = PBXFrameworksBuildPhase;
			buildActionMask = 2147483647;
			files = (
				55D719B03C717696D9DBF96A /* Pods_RxSwiftDemoTests.framework in Frameworks */,
			);
			runOnlyForDeploymentPostprocessing = 0;
		};
		F4659CEE2B65170400141B09 /* Frameworks */ = {
			isa = PBXFrameworksBuildPhase;
			buildActionMask = 2147483647;
			files = (
				84C2412294B85BF2906EB328 /* Pods_RxSwiftDemo_RxSwiftDemoUITests.framework in Frameworks */,
			);
			runOnlyForDeploymentPostprocessing = 0;
		};
/* End PBXFrameworksBuildPhase section */

/* Begin PBXGroup section */
		C93D63E150E8602496C23E15 /* Pods */ = {
			isa = PBXGroup;
			children = (
				36D04ED59B424B1D21C6355F /* Pods-RxSwiftDemo.debug.xcconfig */,
				EE287ABB91BA2DF44B13A5BA /* Pods-RxSwiftDemo.release.xcconfig */,
				D53F7A73125A21412EB9FAFE /* Pods-RxSwiftDemo-RxSwiftDemoUITests.debug.xcconfig */,
				1914832582D90970FB7E567E /* Pods-RxSwiftDemo-RxSwiftDemoUITests.release.xcconfig */,
				129EFC4DB517C552CE8B12D3 /* Pods-RxSwiftDemoTests.debug.xcconfig */,
				824432B17EAF28096621E676 /* Pods-RxSwiftDemoTests.release.xcconfig */,
			);
			path = Pods;
			sourceTree = "<group>";
		};
		E2227CCE95E5F117E05C539F /* Frameworks */ = {
			isa = PBXGroup;
			children = (
				E63689E57CC7E3DDF207AC1F /* Pods_RxSwiftDemo.framework */,
				830F40434F994BB7FF022ABF /* Pods_RxSwiftDemo_RxSwiftDemoUITests.framework */,
				A7D30505FBD134F5C9D8183A /* Pods_RxSwiftDemoTests.framework */,
			);
			name = Frameworks;
			sourceTree = "<group>";
		};
		F4659CC82B65170300141B09 = {
			isa = PBXGroup;
			children = (
				F4659CD32B65170300141B09 /* RxSwiftDemo */,
				F4659CEA2B65170400141B09 /* RxSwiftDemoTests */,
				F4659CF42B65170400141B09 /* RxSwiftDemoUITests */,
				F4659CD22B65170300141B09 /* Products */,
				C93D63E150E8602496C23E15 /* Pods */,
				E2227CCE95E5F117E05C539F /* Frameworks */,
			);
			sourceTree = "<group>";
		};
		F4659CD22B65170300141B09 /* Products */ = {
			isa = PBXGroup;
			children = (
				F4659CD12B65170300141B09 /* RxSwiftDemo.app */,
				F4659CE72B65170400141B09 /* RxSwiftDemoTests.xctest */,
				F4659CF12B65170400141B09 /* RxSwiftDemoUITests.xctest */,
			);
			name = Products;
			sourceTree = "<group>";
		};
		F4659CD32B65170300141B09 /* RxSwiftDemo */ = {
			isa = PBXGroup;
			children = (
				F4659D182B66AAAD00141B09 /* Food */,
				F4659CD42B65170300141B09 /* AppDelegate.swift */,
				F4659D0C2B65330800141B09 /* AViewController.swift */,
				F4659D122B66906100141B09 /* BTableViewController.swift */,
				F4659D142B6695ED00141B09 /* ProductDetailVC.swift */,
				F4659D102B6621E200141B09 /* SubjectVC.swift */,
				F4659CD82B65170300141B09 /* ViewController.swift */,
				F4659D0A2B65190200141B09 /* HomePageViewModel.swift */,
				F4659D162B66A91400141B09 /* EnglishWord.swift */,
				F4659CDA2B65170300141B09 /* Main.storyboard */,
				F4659CDD2B65170400141B09 /* Assets.xcassets */,
				F4659CDF2B65170400141B09 /* LaunchScreen.storyboard */,
				F4659D062B65179700141B09 /* Define */,
				F4659D042B65179700141B09 /* Tools */,
				F4659CE22B65170400141B09 /* Info.plist */,
			);
			path = RxSwiftDemo;
			sourceTree = "<group>";
		};
		F4659CEA2B65170400141B09 /* RxSwiftDemoTests */ = {
			isa = PBXGroup;
			children = (
				F4659CEB2B65170400141B09 /* RxSwiftDemoTests.swift */,
			);
			path = RxSwiftDemoTests;
			sourceTree = "<group>";
		};
		F4659CF42B65170400141B09 /* RxSwiftDemoUITests */ = {
			isa = PBXGroup;
			children = (
				F4659CF52B65170400141B09 /* RxSwiftDemoUITests.swift */,
				F4659CF72B65170400141B09 /* RxSwiftDemoUITestsLaunchTests.swift */,
			);
			path = RxSwiftDemoUITests;
			sourceTree = "<group>";
		};
		F4659D042B65179700141B09 /* Tools */ = {
			isa = PBXGroup;
			children = (
				F4659D052B65179700141B09 /* UIView+Frame.swift */,
			);
			path = Tools;
			sourceTree = "<group>";
		};
		F4659D062B65179700141B09 /* Define */ = {
			isa = PBXGroup;
			children = (
				F4659D072B65179700141B09 /* CALength.swift */,
			);
			path = Define;
			sourceTree = "<group>";
		};
		F4659D182B66AAAD00141B09 /* Food */ = {
			isa = PBXGroup;
			children = (
				F4659D192B66AAB700141B09 /* Food.swift */,
				F4659D1F2B66B44200141B09 /* SectionModel.swift */,
				F4659D1B2B66AAC800141B09 /* FoodListVC.swift */,
				F4659D1D2B66AADC00141B09 /* FoodDetailVC.swift */,
			);
			path = Food;
			sourceTree = "<group>";
		};
/* End PBXGroup section */

/* Begin PBXNativeTarget section */
		F4659CD02B65170300141B09 /* RxSwiftDemo */ = {
			isa = PBXNativeTarget;
			buildConfigurationList = F4659CFB2B65170400141B09 /* Build configuration list for PBXNativeTarget "RxSwiftDemo" */;
			buildPhases = (
				EB5FBE7318EE1F8639833F6F /* [CP] Check Pods Manifest.lock */,
				F4659CCD2B65170300141B09 /* Sources */,
				F4659CCE2B65170300141B09 /* Frameworks */,
				F4659CCF2B65170300141B09 /* Resources */,
				5ECEFFAC97560E3E44CA4DCB /* [CP] Embed Pods Frameworks */,
			);
			buildRules = (
			);
			dependencies = (
			);
			name = RxSwiftDemo;
			productName = RxSwiftDemo;
			productReference = F4659CD12B65170300141B09 /* RxSwiftDemo.app */;
			productType = "com.apple.product-type.application";
		};
		F4659CE62B65170400141B09 /* RxSwiftDemoTests */ = {
			isa = PBXNativeTarget;
			buildConfigurationList = F4659CFE2B65170400141B09 /* Build configuration list for PBXNativeTarget "RxSwiftDemoTests" */;
			buildPhases = (
				F8AD5D80FD80374C45B28F6B /* [CP] Check Pods Manifest.lock */,
				F4659CE32B65170400141B09 /* Sources */,
				F4659CE42B65170400141B09 /* Frameworks */,
				F4659CE52B65170400141B09 /* Resources */,
			);
			buildRules = (
			);
			dependencies = (
				F4659CE92B65170400141B09 /* PBXTargetDependency */,
			);
			name = RxSwiftDemoTests;
			productName = RxSwiftDemoTests;
			productReference = F4659CE72B65170400141B09 /* RxSwiftDemoTests.xctest */;
			productType = "com.apple.product-type.bundle.unit-test";
		};
		F4659CF02B65170400141B09 /* RxSwiftDemoUITests */ = {
			isa = PBXNativeTarget;
			buildConfigurationList = F4659D012B65170400141B09 /* Build configuration list for PBXNativeTarget "RxSwiftDemoUITests" */;
			buildPhases = (
				3ED6EAAB1D2A903CF831A707 /* [CP] Check Pods Manifest.lock */,
				F4659CED2B65170400141B09 /* Sources */,
				F4659CEE2B65170400141B09 /* Frameworks */,
				F4659CEF2B65170400141B09 /* Resources */,
				EC6808982CC7B57E9023B48E /* [CP] Embed Pods Frameworks */,
			);
			buildRules = (
			);
			dependencies = (
				F4659CF32B65170400141B09 /* PBXTargetDependency */,
			);
			name = RxSwiftDemoUITests;
			productName = RxSwiftDemoUITests;
			productReference = F4659CF12B65170400141B09 /* RxSwiftDemoUITests.xctest */;
			productType = "com.apple.product-type.bundle.ui-testing";
		};
/* End PBXNativeTarget section */

/* Begin PBXProject section */
		F4659CC92B65170300141B09 /* Project object */ = {
			isa = PBXProject;
			attributes = {
				BuildIndependentTargetsInParallel = 1;
				LastSwiftUpdateCheck = 1430;
				LastUpgradeCheck = 1430;
				TargetAttributes = {
					F4659CD02B65170300141B09 = {
						CreatedOnToolsVersion = 14.3.1;
					};
					F4659CE62B65170400141B09 = {
						CreatedOnToolsVersion = 14.3.1;
						TestTargetID = F4659CD02B65170300141B09;
					};
					F4659CF02B65170400141B09 = {
						CreatedOnToolsVersion = 14.3.1;
						TestTargetID = F4659CD02B65170300141B09;
					};
				};
			};
			buildConfigurationList = F4659CCC2B65170300141B09 /* Build configuration list for PBXProject "RxSwiftDemo" */;
			compatibilityVersion = "Xcode 14.0";
			developmentRegion = en;
			hasScannedForEncodings = 0;
			knownRegions = (
				en,
				Base,
			);
			mainGroup = F4659CC82B65170300141B09;
			productRefGroup = F4659CD22B65170300141B09 /* Products */;
			projectDirPath = "";
			projectRoot = "";
			targets = (
				F4659CD02B65170300141B09 /* RxSwiftDemo */,
				F4659CE62B65170400141B09 /* RxSwiftDemoTests */,
				F4659CF02B65170400141B09 /* RxSwiftDemoUITests */,
			);
		};
/* End PBXProject section */

/* Begin PBXResourcesBuildPhase section */
		F4659CCF2B65170300141B09 /* Resources */ = {
			isa = PBXResourcesBuildPhase;
			buildActionMask = 2147483647;
			files = (
				F4659CE12B65170400141B09 /* LaunchScreen.storyboard in Resources */,
				F4659CDE2B65170400141B09 /* Assets.xcassets in Resources */,
				F4659CDC2B65170300141B09 /* Main.storyboard in Resources */,
			);
			runOnlyForDeploymentPostprocessing = 0;
		};
		F4659CE52B65170400141B09 /* Resources */ = {
			isa = PBXResourcesBuildPhase;
			buildActionMask = 2147483647;
			files = (
			);
			runOnlyForDeploymentPostprocessing = 0;
		};
		F4659CEF2B65170400141B09 /* Resources */ = {
			isa = PBXResourcesBuildPhase;
			buildActionMask = 2147483647;
			files = (
			);
			runOnlyForDeploymentPostprocessing = 0;
		};
/* End PBXResourcesBuildPhase section */

/* Begin PBXShellScriptBuildPhase section */
		3ED6EAAB1D2A903CF831A707 /* [CP] Check Pods Manifest.lock */ = {
			isa = PBXShellScriptBuildPhase;
			buildActionMask = 2147483647;
			files = (
			);
			inputFileListPaths = (
			);
			inputPaths = (
				"${PODS_PODFILE_DIR_PATH}/Podfile.lock",
				"${PODS_ROOT}/Manifest.lock",
			);
			name = "[CP] Check Pods Manifest.lock";
			outputFileListPaths = (
			);
			outputPaths = (
				"$(DERIVED_FILE_DIR)/Pods-RxSwiftDemo-RxSwiftDemoUITests-checkManifestLockResult.txt",
			);
			runOnlyForDeploymentPostprocessing = 0;
			shellPath = /bin/sh;
			shellScript = "diff \"${PODS_PODFILE_DIR_PATH}/Podfile.lock\" \"${PODS_ROOT}/Manifest.lock\" > /dev/null\nif [ $? != 0 ] ; then\n    # print error to STDERR\n    echo \"error: The sandbox is not in sync with the Podfile.lock. Run 'pod install' or update your CocoaPods installation.\" >&2\n    exit 1\nfi\n# This output is used by Xcode 'outputs' to avoid re-running this script phase.\necho \"SUCCESS\" > \"${SCRIPT_OUTPUT_FILE_0}\"\n";
			showEnvVarsInLog = 0;
		};
		5ECEFFAC97560E3E44CA4DCB /* [CP] Embed Pods Frameworks */ = {
			isa = PBXShellScriptBuildPhase;
			buildActionMask = 2147483647;
			files = (
			);
			inputFileListPaths = (
				"${PODS_ROOT}/Target Support Files/Pods-RxSwiftDemo/Pods-RxSwiftDemo-frameworks-${CONFIGURATION}-input-files.xcfilelist",
			);
			name = "[CP] Embed Pods Frameworks";
			outputFileListPaths = (
				"${PODS_ROOT}/Target Support Files/Pods-RxSwiftDemo/Pods-RxSwiftDemo-frameworks-${CONFIGURATION}-output-files.xcfilelist",
			);
			runOnlyForDeploymentPostprocessing = 0;
			shellPath = /bin/sh;
			shellScript = "\"${PODS_ROOT}/Target Support Files/Pods-RxSwiftDemo/Pods-RxSwiftDemo-frameworks.sh\"\n";
			showEnvVarsInLog = 0;
		};
		EB5FBE7318EE1F8639833F6F /* [CP] Check Pods Manifest.lock */ = {
			isa = PBXShellScriptBuildPhase;
			buildActionMask = 2147483647;
			files = (
			);
			inputFileListPaths = (
			);
			inputPaths = (
				"${PODS_PODFILE_DIR_PATH}/Podfile.lock",
				"${PODS_ROOT}/Manifest.lock",
			);
			name = "[CP] Check Pods Manifest.lock";
			outputFileListPaths = (
			);
			outputPaths = (
				"$(DERIVED_FILE_DIR)/Pods-RxSwiftDemo-checkManifestLockResult.txt",
			);
			runOnlyForDeploymentPostprocessing = 0;
			shellPath = /bin/sh;
			shellScript = "diff \"${PODS_PODFILE_DIR_PATH}/Podfile.lock\" \"${PODS_ROOT}/Manifest.lock\" > /dev/null\nif [ $? != 0 ] ; then\n    # print error to STDERR\n    echo \"error: The sandbox is not in sync with the Podfile.lock. Run 'pod install' or update your CocoaPods installation.\" >&2\n    exit 1\nfi\n# This output is used by Xcode 'outputs' to avoid re-running this script phase.\necho \"SUCCESS\" > \"${SCRIPT_OUTPUT_FILE_0}\"\n";
			showEnvVarsInLog = 0;
		};
		EC6808982CC7B57E9023B48E /* [CP] Embed Pods Frameworks */ = {
			isa = PBXShellScriptBuildPhase;
			buildActionMask = 2147483647;
			files = (
			);
			inputFileListPaths = (
				"${PODS_ROOT}/Target Support Files/Pods-RxSwiftDemo-RxSwiftDemoUITests/Pods-RxSwiftDemo-RxSwiftDemoUITests-frameworks-${CONFIGURATION}-input-files.xcfilelist",
			);
			name = "[CP] Embed Pods Frameworks";
			outputFileListPaths = (
				"${PODS_ROOT}/Target Support Files/Pods-RxSwiftDemo-RxSwiftDemoUITests/Pods-RxSwiftDemo-RxSwiftDemoUITests-frameworks-${CONFIGURATION}-output-files.xcfilelist",
			);
			runOnlyForDeploymentPostprocessing = 0;
			shellPath = /bin/sh;
			shellScript = "\"${PODS_ROOT}/Target Support Files/Pods-RxSwiftDemo-RxSwiftDemoUITests/Pods-RxSwiftDemo-RxSwiftDemoUITests-frameworks.sh\"\n";
			showEnvVarsInLog = 0;
		};
		F8AD5D80FD80374C45B28F6B /* [CP] Check Pods Manifest.lock */ = {
			isa = PBXShellScriptBuildPhase;
			buildActionMask = 2147483647;
			files = (
			);
			inputFileListPaths = (
			);
			inputPaths = (
				"${PODS_PODFILE_DIR_PATH}/Podfile.lock",
				"${PODS_ROOT}/Manifest.lock",
			);
			name = "[CP] Check Pods Manifest.lock";
			outputFileListPaths = (
			);
			outputPaths = (
				"$(DERIVED_FILE_DIR)/Pods-RxSwiftDemoTests-checkManifestLockResult.txt",
			);
			runOnlyForDeploymentPostprocessing = 0;
			shellPath = /bin/sh;
			shellScript = "diff \"${PODS_PODFILE_DIR_PATH}/Podfile.lock\" \"${PODS_ROOT}/Manifest.lock\" > /dev/null\nif [ $? != 0 ] ; then\n    # print error to STDERR\n    echo \"error: The sandbox is not in sync with the Podfile.lock. Run 'pod install' or update your CocoaPods installation.\" >&2\n    exit 1\nfi\n# This output is used by Xcode 'outputs' to avoid re-running this script phase.\necho \"SUCCESS\" > \"${SCRIPT_OUTPUT_FILE_0}\"\n";
			showEnvVarsInLog = 0;
		};
/* End PBXShellScriptBuildPhase section */

/* Begin PBXSourcesBuildPhase section */
		F4659CCD2B65170300141B09 /* Sources */ = {
			isa = PBXSourcesBuildPhase;
			buildActionMask = 2147483647;
			files = (
				F4659D1C2B66AAC800141B09 /* FoodListVC.swift in Sources */,
				F4659D1E2B66AADC00141B09 /* FoodDetailVC.swift in Sources */,
				F4659D172B66A91400141B09 /* EnglishWord.swift in Sources */,
				F4659D092B65179700141B09 /* CALength.swift in Sources */,
				F4659D1A2B66AAB700141B09 /* Food.swift in Sources */,
				F4659D082B65179700141B09 /* UIView+Frame.swift in Sources */,
				F4659CD92B65170300141B09 /* ViewController.swift in Sources */,
				F4659D112B6621E200141B09 /* SubjectVC.swift in Sources */,
				F4659CD52B65170300141B09 /* AppDelegate.swift in Sources */,
				F4659D0D2B65330800141B09 /* AViewController.swift in Sources */,
				F4659D132B66906100141B09 /* BTableViewController.swift in Sources */,
				F4659D202B66B44200141B09 /* SectionModel.swift in Sources */,
				F4659D152B6695ED00141B09 /* ProductDetailVC.swift in Sources */,
				F4659D0B2B65190300141B09 /* HomePageViewModel.swift in Sources */,
			);
			runOnlyForDeploymentPostprocessing = 0;
		};
		F4659CE32B65170400141B09 /* Sources */ = {
			isa = PBXSourcesBuildPhase;
			buildActionMask = 2147483647;
			files = (
				F4659CEC2B65170400141B09 /* RxSwiftDemoTests.swift in Sources */,
			);
			runOnlyForDeploymentPostprocessing = 0;
		};
		F4659CED2B65170400141B09 /* Sources */ = {
			isa = PBXSourcesBuildPhase;
			buildActionMask = 2147483647;
			files = (
				F4659CF62B65170400141B09 /* RxSwiftDemoUITests.swift in Sources */,
				F4659CF82B65170400141B09 /* RxSwiftDemoUITestsLaunchTests.swift in Sources */,
			);
			runOnlyForDeploymentPostprocessing = 0;
		};
/* End PBXSourcesBuildPhase section */

/* Begin PBXTargetDependency section */
		F4659CE92B65170400141B09 /* PBXTargetDependency */ = {
			isa = PBXTargetDependency;
			target = F4659CD02B65170300141B09 /* RxSwiftDemo */;
			targetProxy = F4659CE82B65170400141B09 /* PBXContainerItemProxy */;
		};
		F4659CF32B65170400141B09 /* PBXTargetDependency */ = {
			isa = PBXTargetDependency;
			target = F4659CD02B65170300141B09 /* RxSwiftDemo */;
			targetProxy = F4659CF22B65170400141B09 /* PBXContainerItemProxy */;
		};
/* End PBXTargetDependency section */

/* Begin PBXVariantGroup section */
		F4659CDA2B65170300141B09 /* Main.storyboard */ = {
			isa = PBXVariantGroup;
			children = (
				F4659CDB2B65170300141B09 /* Base */,
			);
			name = Main.storyboard;
			sourceTree = "<group>";
		};
		F4659CDF2B65170400141B09 /* LaunchScreen.storyboard */ = {
			isa = PBXVariantGroup;
			children = (
				F4659CE02B65170400141B09 /* Base */,
			);
			name = LaunchScreen.storyboard;
			sourceTree = "<group>";
		};
/* End PBXVariantGroup section */

/* Begin XCBuildConfiguration section */
		F4659CF92B65170400141B09 /* Debug */ = {
			isa = XCBuildConfiguration;
			buildSettings = {
				ALWAYS_SEARCH_USER_PATHS = NO;
				CLANG_ANALYZER_NONNULL = YES;
				CLANG_ANALYZER_NUMBER_OBJECT_CONVERSION = YES_AGGRESSIVE;
				CLANG_CXX_LANGUAGE_STANDARD = "gnu++20";
				CLANG_ENABLE_MODULES = YES;
				CLANG_ENABLE_OBJC_ARC = YES;
				CLANG_ENABLE_OBJC_WEAK = YES;
				CLANG_WARN_BLOCK_CAPTURE_AUTORELEASING = YES;
				CLANG_WARN_BOOL_CONVERSION = YES;
				CLANG_WARN_COMMA = YES;
				CLANG_WARN_CONSTANT_CONVERSION = YES;
				CLANG_WARN_DEPRECATED_OBJC_IMPLEMENTATIONS = YES;
				CLANG_WARN_DIRECT_OBJC_ISA_USAGE = YES_ERROR;
				CLANG_WARN_DOCUMENTATION_COMMENTS = YES;
				CLANG_WARN_EMPTY_BODY = YES;
				CLANG_WARN_ENUM_CONVERSION = YES;
				CLANG_WARN_INFINITE_RECURSION = YES;
				CLANG_WARN_INT_CONVERSION = YES;
				CLANG_WARN_NON_LITERAL_NULL_CONVERSION = YES;
				CLANG_WARN_OBJC_IMPLICIT_RETAIN_SELF = YES;
				CLANG_WARN_OBJC_LITERAL_CONVERSION = YES;
				CLANG_WARN_OBJC_ROOT_CLASS = YES_ERROR;
				CLANG_WARN_QUOTED_INCLUDE_IN_FRAMEWORK_HEADER = YES;
				CLANG_WARN_RANGE_LOOP_ANALYSIS = YES;
				CLANG_WARN_STRICT_PROTOTYPES = YES;
				CLANG_WARN_SUSPICIOUS_MOVE = YES;
				CLANG_WARN_UNGUARDED_AVAILABILITY = YES_AGGRESSIVE;
				CLANG_WARN_UNREACHABLE_CODE = YES;
				CLANG_WARN__DUPLICATE_METHOD_MATCH = YES;
				COPY_PHASE_STRIP = NO;
				DEBUG_INFORMATION_FORMAT = dwarf;
				ENABLE_STRICT_OBJC_MSGSEND = YES;
				ENABLE_TESTABILITY = YES;
				GCC_C_LANGUAGE_STANDARD = gnu11;
				GCC_DYNAMIC_NO_PIC = NO;
				GCC_NO_COMMON_BLOCKS = YES;
				GCC_OPTIMIZATION_LEVEL = 0;
				GCC_PREPROCESSOR_DEFINITIONS = (
					"DEBUG=1",
					"$(inherited)",
				);
				GCC_WARN_64_TO_32_BIT_CONVERSION = YES;
				GCC_WARN_ABOUT_RETURN_TYPE = YES_ERROR;
				GCC_WARN_UNDECLARED_SELECTOR = YES;
				GCC_WARN_UNINITIALIZED_AUTOS = YES_AGGRESSIVE;
				GCC_WARN_UNUSED_FUNCTION = YES;
				GCC_WARN_UNUSED_VARIABLE = YES;
				IPHONEOS_DEPLOYMENT_TARGET = 16.4;
				MTL_ENABLE_DEBUG_INFO = INCLUDE_SOURCE;
				MTL_FAST_MATH = YES;
				ONLY_ACTIVE_ARCH = YES;
				SDKROOT = iphoneos;
				SWIFT_ACTIVE_COMPILATION_CONDITIONS = DEBUG;
				SWIFT_OPTIMIZATION_LEVEL = "-Onone";
			};
			name = Debug;
		};
		F4659CFA2B65170400141B09 /* Release */ = {
			isa = XCBuildConfiguration;
			buildSettings = {
				ALWAYS_SEARCH_USER_PATHS = NO;
				CLANG_ANALYZER_NONNULL = YES;
				CLANG_ANALYZER_NUMBER_OBJECT_CONVERSION = YES_AGGRESSIVE;
				CLANG_CXX_LANGUAGE_STANDARD = "gnu++20";
				CLANG_ENABLE_MODULES = YES;
				CLANG_ENABLE_OBJC_ARC = YES;
				CLANG_ENABLE_OBJC_WEAK = YES;
				CLANG_WARN_BLOCK_CAPTURE_AUTORELEASING = YES;
				CLANG_WARN_BOOL_CONVERSION = YES;
				CLANG_WARN_COMMA = YES;
				CLANG_WARN_CONSTANT_CONVERSION = YES;
				CLANG_WARN_DEPRECATED_OBJC_IMPLEMENTATIONS = YES;
				CLANG_WARN_DIRECT_OBJC_ISA_USAGE = YES_ERROR;
				CLANG_WARN_DOCUMENTATION_COMMENTS = YES;
				CLANG_WARN_EMPTY_BODY = YES;
				CLANG_WARN_ENUM_CONVERSION = YES;
				CLANG_WARN_INFINITE_RECURSION = YES;
				CLANG_WARN_INT_CONVERSION = YES;
				CLANG_WARN_NON_LITERAL_NULL_CONVERSION = YES;
				CLANG_WARN_OBJC_IMPLICIT_RETAIN_SELF = YES;
				CLANG_WARN_OBJC_LITERAL_CONVERSION = YES;
				CLANG_WARN_OBJC_ROOT_CLASS = YES_ERROR;
				CLANG_WARN_QUOTED_INCLUDE_IN_FRAMEWORK_HEADER = YES;
				CLANG_WARN_RANGE_LOOP_ANALYSIS = YES;
				CLANG_WARN_STRICT_PROTOTYPES = YES;
				CLANG_WARN_SUSPICIOUS_MOVE = YES;
				CLANG_WARN_UNGUARDED_AVAILABILITY = YES_AGGRESSIVE;
				CLANG_WARN_UNREACHABLE_CODE = YES;
				CLANG_WARN__DUPLICATE_METHOD_MATCH = YES;
				COPY_PHASE_STRIP = NO;
				DEBUG_INFORMATION_FORMAT = "dwarf-with-dsym";
				ENABLE_NS_ASSERTIONS = NO;
				ENABLE_STRICT_OBJC_MSGSEND = YES;
				GCC_C_LANGUAGE_STANDARD = gnu11;
				GCC_NO_COMMON_BLOCKS = YES;
				GCC_WARN_64_TO_32_BIT_CONVERSION = YES;
				GCC_WARN_ABOUT_RETURN_TYPE = YES_ERROR;
				GCC_WARN_UNDECLARED_SELECTOR = YES;
				GCC_WARN_UNINITIALIZED_AUTOS = YES_AGGRESSIVE;
				GCC_WARN_UNUSED_FUNCTION = YES;
				GCC_WARN_UNUSED_VARIABLE = YES;
				IPHONEOS_DEPLOYMENT_TARGET = 16.4;
				MTL_ENABLE_DEBUG_INFO = NO;
				MTL_FAST_MATH = YES;
				SDKROOT = iphoneos;
				SWIFT_COMPILATION_MODE = wholemodule;
				SWIFT_OPTIMIZATION_LEVEL = "-O";
				VALIDATE_PRODUCT = YES;
			};
			name = Release;
		};
		F4659CFC2B65170400141B09 /* Debug */ = {
			isa = XCBuildConfiguration;
			baseConfigurationReference = 36D04ED59B424B1D21C6355F /* Pods-RxSwiftDemo.debug.xcconfig */;
			buildSettings = {
				ASSETCATALOG_COMPILER_APPICON_NAME = AppIcon;
				ASSETCATALOG_COMPILER_GLOBAL_ACCENT_COLOR_NAME = AccentColor;
				CODE_SIGN_STYLE = Automatic;
				CURRENT_PROJECT_VERSION = 1;
				DEVELOPMENT_TEAM = G5QLXSSTW5;
				GENERATE_INFOPLIST_FILE = YES;
				INFOPLIST_FILE = RxSwiftDemo/Info.plist;
				INFOPLIST_KEY_UIApplicationSupportsIndirectInputEvents = YES;
				INFOPLIST_KEY_UILaunchStoryboardName = LaunchScreen.storyboard;
				INFOPLIST_KEY_UIMainStoryboardFile = Main;
				INFOPLIST_KEY_UISupportedInterfaceOrientations_iPad = "UIInterfaceOrientationPortrait UIInterfaceOrientationPortraitUpsideDown UIInterfaceOrientationLandscapeLeft UIInterfaceOrientationLandscapeRight";
				INFOPLIST_KEY_UISupportedInterfaceOrientations_iPhone = "UIInterfaceOrientationPortrait UIInterfaceOrientationLandscapeLeft UIInterfaceOrientationLandscapeRight";
				IPHONEOS_DEPLOYMENT_TARGET = 13.0;
				LD_RUNPATH_SEARCH_PATHS = (
					"$(inherited)",
					"@executable_path/Frameworks",
				);
				MARKETING_VERSION = 1.0;
				PRODUCT_BUNDLE_IDENTIFIER = "com.iOS-RXSwift.RxSwiftDemo";
				PRODUCT_NAME = "$(TARGET_NAME)";
				SUPPORTED_PLATFORMS = "iphoneos iphonesimulator";
				SUPPORTS_MACCATALYST = NO;
				SUPPORTS_MAC_DESIGNED_FOR_IPHONE_IPAD = NO;
				SWIFT_EMIT_LOC_STRINGS = YES;
				SWIFT_VERSION = 5.0;
				TARGETED_DEVICE_FAMILY = "1,2";
			};
			name = Debug;
		};
		F4659CFD2B65170400141B09 /* Release */ = {
			isa = XCBuildConfiguration;
			baseConfigurationReference = EE287ABB91BA2DF44B13A5BA /* Pods-RxSwiftDemo.release.xcconfig */;
			buildSettings = {
				ASSETCATALOG_COMPILER_APPICON_NAME = AppIcon;
				ASSETCATALOG_COMPILER_GLOBAL_ACCENT_COLOR_NAME = AccentColor;
				CODE_SIGN_STYLE = Automatic;
				CURRENT_PROJECT_VERSION = 1;
				DEVELOPMENT_TEAM = G5QLXSSTW5;
				GENERATE_INFOPLIST_FILE = YES;
				INFOPLIST_FILE = RxSwiftDemo/Info.plist;
				INFOPLIST_KEY_UIApplicationSupportsIndirectInputEvents = YES;
				INFOPLIST_KEY_UILaunchStoryboardName = LaunchScreen.storyboard;
				INFOPLIST_KEY_UIMainStoryboardFile = Main;
				INFOPLIST_KEY_UISupportedInterfaceOrientations_iPad = "UIInterfaceOrientationPortrait UIInterfaceOrientationPortraitUpsideDown UIInterfaceOrientationLandscapeLeft UIInterfaceOrientationLandscapeRight";
				INFOPLIST_KEY_UISupportedInterfaceOrientations_iPhone = "UIInterfaceOrientationPortrait UIInterfaceOrientationLandscapeLeft UIInterfaceOrientationLandscapeRight";
				IPHONEOS_DEPLOYMENT_TARGET = 13.0;
				LD_RUNPATH_SEARCH_PATHS = (
					"$(inherited)",
					"@executable_path/Frameworks",
				);
				MARKETING_VERSION = 1.0;
				PRODUCT_BUNDLE_IDENTIFIER = "com.iOS-RXSwift.RxSwiftDemo";
				PRODUCT_NAME = "$(TARGET_NAME)";
				SUPPORTED_PLATFORMS = "iphoneos iphonesimulator";
				SUPPORTS_MACCATALYST = NO;
				SUPPORTS_MAC_DESIGNED_FOR_IPHONE_IPAD = NO;
				SWIFT_EMIT_LOC_STRINGS = YES;
				SWIFT_VERSION = 5.0;
				TARGETED_DEVICE_FAMILY = "1,2";
			};
			name = Release;
		};
		F4659CFF2B65170400141B09 /* Debug */ = {
			isa = XCBuildConfiguration;
			baseConfigurationReference = 129EFC4DB517C552CE8B12D3 /* Pods-RxSwiftDemoTests.debug.xcconfig */;
			buildSettings = {
				ALWAYS_EMBED_SWIFT_STANDARD_LIBRARIES = YES;
				BUNDLE_LOADER = "$(TEST_HOST)";
				CODE_SIGN_STYLE = Automatic;
				CURRENT_PROJECT_VERSION = 1;
				DEVELOPMENT_TEAM = G5QLXSSTW5;
				GENERATE_INFOPLIST_FILE = YES;
				IPHONEOS_DEPLOYMENT_TARGET = 16.4;
				MARKETING_VERSION = 1.0;
				PRODUCT_BUNDLE_IDENTIFIER = "com.iOS-RXSwift.RxSwiftDemoTests";
				PRODUCT_NAME = "$(TARGET_NAME)";
				SWIFT_EMIT_LOC_STRINGS = NO;
				SWIFT_VERSION = 5.0;
				TARGETED_DEVICE_FAMILY = "1,2";
				TEST_HOST = "$(BUILT_PRODUCTS_DIR)/RxSwiftDemo.app/$(BUNDLE_EXECUTABLE_FOLDER_PATH)/RxSwiftDemo";
			};
			name = Debug;
		};
		F4659D002B65170400141B09 /* Release */ = {
			isa = XCBuildConfiguration;
			baseConfigurationReference = 824432B17EAF28096621E676 /* Pods-RxSwiftDemoTests.release.xcconfig */;
			buildSettings = {
				ALWAYS_EMBED_SWIFT_STANDARD_LIBRARIES = YES;
				BUNDLE_LOADER = "$(TEST_HOST)";
				CODE_SIGN_STYLE = Automatic;
				CURRENT_PROJECT_VERSION = 1;
				DEVELOPMENT_TEAM = G5QLXSSTW5;
				GENERATE_INFOPLIST_FILE = YES;
				IPHONEOS_DEPLOYMENT_TARGET = 16.4;
				MARKETING_VERSION = 1.0;
				PRODUCT_BUNDLE_IDENTIFIER = "com.iOS-RXSwift.RxSwiftDemoTests";
				PRODUCT_NAME = "$(TARGET_NAME)";
				SWIFT_EMIT_LOC_STRINGS = NO;
				SWIFT_VERSION = 5.0;
				TARGETED_DEVICE_FAMILY = "1,2";
				TEST_HOST = "$(BUILT_PRODUCTS_DIR)/RxSwiftDemo.app/$(BUNDLE_EXECUTABLE_FOLDER_PATH)/RxSwiftDemo";
			};
			name = Release;
		};
		F4659D022B65170400141B09 /* Debug */ = {
			isa = XCBuildConfiguration;
			baseConfigurationReference = D53F7A73125A21412EB9FAFE /* Pods-RxSwiftDemo-RxSwiftDemoUITests.debug.xcconfig */;
			buildSettings = {
				ALWAYS_EMBED_SWIFT_STANDARD_LIBRARIES = YES;
				CODE_SIGN_STYLE = Automatic;
				CURRENT_PROJECT_VERSION = 1;
				DEVELOPMENT_TEAM = G5QLXSSTW5;
				GENERATE_INFOPLIST_FILE = YES;
				MARKETING_VERSION = 1.0;
				PRODUCT_BUNDLE_IDENTIFIER = "com.iOS-RXSwift.RxSwiftDemoUITests";
				PRODUCT_NAME = "$(TARGET_NAME)";
				SWIFT_EMIT_LOC_STRINGS = NO;
				SWIFT_VERSION = 5.0;
				TARGETED_DEVICE_FAMILY = "1,2";
				TEST_TARGET_NAME = RxSwiftDemo;
			};
			name = Debug;
		};
		F4659D032B65170400141B09 /* Release */ = {
			isa = XCBuildConfiguration;
			baseConfigurationReference = 1914832582D90970FB7E567E /* Pods-RxSwiftDemo-RxSwiftDemoUITests.release.xcconfig */;
			buildSettings = {
				ALWAYS_EMBED_SWIFT_STANDARD_LIBRARIES = YES;
				CODE_SIGN_STYLE = Automatic;
				CURRENT_PROJECT_VERSION = 1;
				DEVELOPMENT_TEAM = G5QLXSSTW5;
				GENERATE_INFOPLIST_FILE = YES;
				MARKETING_VERSION = 1.0;
				PRODUCT_BUNDLE_IDENTIFIER = "com.iOS-RXSwift.RxSwiftDemoUITests";
				PRODUCT_NAME = "$(TARGET_NAME)";
				SWIFT_EMIT_LOC_STRINGS = NO;
				SWIFT_VERSION = 5.0;
				TARGETED_DEVICE_FAMILY = "1,2";
				TEST_TARGET_NAME = RxSwiftDemo;
			};
			name = Release;
		};
/* End XCBuildConfiguration section */

/* Begin XCConfigurationList section */
		F4659CCC2B65170300141B09 /* Build configuration list for PBXProject "RxSwiftDemo" */ = {
			isa = XCConfigurationList;
			buildConfigurations = (
				F4659CF92B65170400141B09 /* Debug */,
				F4659CFA2B65170400141B09 /* Release */,
			);
			defaultConfigurationIsVisible = 0;
			defaultConfigurationName = Release;
		};
		F4659CFB2B65170400141B09 /* Build configuration list for PBXNativeTarget "RxSwiftDemo" */ = {
			isa = XCConfigurationList;
			buildConfigurations = (
				F4659CFC2B65170400141B09 /* Debug */,
				F4659CFD2B65170400141B09 /* Release */,
			);
			defaultConfigurationIsVisible = 0;
			defaultConfigurationName = Release;
		};
		F4659CFE2B65170400141B09 /* Build configuration list for PBXNativeTarget "RxSwiftDemoTests" */ = {
			isa = XCConfigurationList;
			buildConfigurations = (
				F4659CFF2B65170400141B09 /* Debug */,
				F4659D002B65170400141B09 /* Release */,
			);
			defaultConfigurationIsVisible = 0;
			defaultConfigurationName = Release;
		};
		F4659D012B65170400141B09 /* Build configuration list for PBXNativeTarget "RxSwiftDemoUITests" */ = {
			isa = XCConfigurationList;
			buildConfigurations = (
				F4659D022B65170400141B09 /* Debug */,
				F4659D032B65170400141B09 /* Release */,
			);
			defaultConfigurationIsVisible = 0;
			defaultConfigurationName = Release;
		};
/* End XCConfigurationList section */
	};
	rootObject = F4659CC92B65170300141B09 /* Project object */;
}
